
Microsoft Visual Studio Solution File, Format Version 12.00
# Visual Studio Version 17
VisualStudioVersion = 17.4.33205.214
MinimumVisualStudioVersion = 10.0.40219.1
Project("{FAE04EC0-301F-11D3-BF4B-00C04F79EFBC}") = "DeliaJohan", "DeliaJohan\DeliaJohan.csproj", "{04D13F6F-372D-4561-9E44-79D43FE31580}"
EndProject
Global
	GlobalSection(SolutionConfigurationPlatforms) = preSolution
		Debug|Any CPU = Debug|Any CPU
		Release|Any CPU = Release|Any CPU
	EndGlobalSection
	GlobalSection(ProjectConfigurationPlatforms) = postSolution
		{04D13F6F-372D-4561-9E44-79D43FE31580}.Debug|Any CPU.ActiveCfg = Debug|Any CPU
		{04D13F6F-372D-4561-9E44-79D43FE31580}.Debug|Any CPU.Build.0 = Debug|Any CPU
		{04D13F6F-372D-4561-9E44-79D43FE31580}.Release|Any CPU.ActiveCfg = Release|Any CPU
		{04D13F6F-372D-4561-9E44-79D43FE31580}.Release|Any CPU.Build.0 = Release|Any CPU
	EndGlobalSection
	GlobalSection(SolutionProperties) = preSolution
		HideSolutionNode = FALSE
	EndGlobalSection
	GlobalSection(ExtensibilityGlobals) = postSolution
		SolutionGuid = {DC0F71E5-98C4-4B8F-9500-4CB95493EC24}
	EndGlobalSection
EndGlobal
